// !$*UTF8*$!
{
	archiveVersion = 1;
	classes = {
	};
	objectVersion = 56;
	objects = {

/* Begin PBXBuildFile section */
		220127EC29A9740200467339 /* FocusTimerApp.swift in Sources */ = {isa = PBXBuildFile; fileRef = 220127EB29A9740200467339 /* FocusTimerApp.swift */; };
		220127EE29A9740200467339 /* TimerView.swift in Sources */ = {isa = PBXBuildFile; fileRef = 220127ED29A9740200467339 /* TimerView.swift */; };
		220127F029A9740300467339 /* Assets.xcassets in Resources */ = {isa = PBXBuildFile; fileRef = 220127EF29A9740300467339 /* Assets.xcassets */; };
		220127F329A9740300467339 /* Preview Assets.xcassets in Resources */ = {isa = PBXBuildFile; fileRef = 220127F229A9740300467339 /* Preview Assets.xcassets */; };
		220127FB29A9788600467339 /* TimerModel.swift in Sources */ = {isa = PBXBuildFile; fileRef = 220127FA29A9788600467339 /* TimerModel.swift */; };
		220E426529CFF73F0072C554 /* TelemetryClient in Frameworks */ = {isa = PBXBuildFile; productRef = 220E426429CFF73F0072C554 /* TelemetryClient */; };
		220E426729CFFDDD0072C554 /* AppId.swift in Sources */ = {isa = PBXBuildFile; fileRef = 220E426629CFFDDD0072C554 /* AppId.swift */; };
		220E426929CFFE220072C554 /* AppId.plist in Resources */ = {isa = PBXBuildFile; fileRef = 220E426829CFFE220072C554 /* AppId.plist */; };
		224A95B229B2D26C007EA23B /* Start.wav in Resources */ = {isa = PBXBuildFile; fileRef = 224A95B129B2D26C007EA23B /* Start.wav */; };
		224A95B429B2D319007EA23B /* NotificationManager.swift in Sources */ = {isa = PBXBuildFile; fileRef = 224A95B329B2D319007EA23B /* NotificationManager.swift */; };
		224A95B629B2D660007EA23B /* CalendarView.swift in Sources */ = {isa = PBXBuildFile; fileRef = 224A95B529B2D660007EA23B /* CalendarView.swift */; };
		22C30E9D29B9B8B700DF48B6 /* FocusRecord+Ext.swift in Sources */ = {isa = PBXBuildFile; fileRef = 22C30E9C29B9B8B700DF48B6 /* FocusRecord+Ext.swift */; };
		22E83BE529B408F000FC2A6A /* FocusTimer.xcdatamodeld in Sources */ = {isa = PBXBuildFile; fileRef = 22E83BE329B408F000FC2A6A /* FocusTimer.xcdatamodeld */; };
		22E83BE729B409DE00FC2A6A /* PersistenceController.swift in Sources */ = {isa = PBXBuildFile; fileRef = 22E83BE629B409DE00FC2A6A /* PersistenceController.swift */; };
		22F96F2C29A9AA69006B7C05 /* TimerAxisView.swift in Sources */ = {isa = PBXBuildFile; fileRef = 22F96F2B29A9AA69006B7C05 /* TimerAxisView.swift */; };
		22F96F2E29AC762E006B7C05 /* AudioPlayer.swift in Sources */ = {isa = PBXBuildFile; fileRef = 22F96F2D29AC762E006B7C05 /* AudioPlayer.swift */; };
		22F96F3229AC7BFF006B7C05 /* AlarmRing.wav in Resources */ = {isa = PBXBuildFile; fileRef = 22F96F3129AC7BFF006B7C05 /* AlarmRing.wav */; };
/* End PBXBuildFile section */

/* Begin PBXFileReference section */
		220127E829A9740200467339 /* FocusTimer.app */ = {isa = PBXFileReference; explicitFileType = wrapper.application; includeInIndex = 0; path = FocusTimer.app; sourceTree = BUILT_PRODUCTS_DIR; };
		220127EB29A9740200467339 /* FocusTimerApp.swift */ = {isa = PBXFileReference; lastKnownFileType = sourcecode.swift; path = FocusTimerApp.swift; sourceTree = "<group>"; };
		220127ED29A9740200467339 /* TimerView.swift */ = {isa = PBXFileReference; lastKnownFileType = sourcecode.swift; path = TimerView.swift; sourceTree = "<group>"; };
		220127EF29A9740300467339 /* Assets.xcassets */ = {isa = PBXFileReference; lastKnownFileType = folder.assetcatalog; path = Assets.xcassets; sourceTree = "<group>"; };
		220127F229A9740300467339 /* Preview Assets.xcassets */ = {isa = PBXFileReference; lastKnownFileType = folder.assetcatalog; path = "Preview Assets.xcassets"; sourceTree = "<group>"; };
		220127F429A9740300467339 /* FocusTimer.entitlements */ = {isa = PBXFileReference; lastKnownFileType = text.plist.entitlements; path = FocusTimer.entitlements; sourceTree = "<group>"; };
		220127FA29A9788600467339 /* TimerModel.swift */ = {isa = PBXFileReference; lastKnownFileType = sourcecode.swift; path = TimerModel.swift; sourceTree = "<group>"; };
		220E426629CFFDDD0072C554 /* AppId.swift */ = {isa = PBXFileReference; lastKnownFileType = sourcecode.swift; path = AppId.swift; sourceTree = "<group>"; };
		220E426829CFFE220072C554 /* AppId.plist */ = {isa = PBXFileReference; lastKnownFileType = text.plist.xml; path = AppId.plist; sourceTree = "<group>"; };
		224A95B129B2D26C007EA23B /* Start.wav */ = {isa = PBXFileReference; lastKnownFileType = audio.wav; path = Start.wav; sourceTree = "<group>"; };
		224A95B329B2D319007EA23B /* NotificationManager.swift */ = {isa = PBXFileReference; lastKnownFileType = sourcecode.swift; path = NotificationManager.swift; sourceTree = "<group>"; };
		224A95B529B2D660007EA23B /* CalendarView.swift */ = {isa = PBXFileReference; lastKnownFileType = sourcecode.swift; path = CalendarView.swift; sourceTree = "<group>"; };
		22C30E9C29B9B8B700DF48B6 /* FocusRecord+Ext.swift */ = {isa = PBXFileReference; lastKnownFileType = sourcecode.swift; path = "FocusRecord+Ext.swift"; sourceTree = "<group>"; };
		22E83BE429B408F000FC2A6A /* FocusTimer.xcdatamodel */ = {isa = PBXFileReference; lastKnownFileType = wrapper.xcdatamodel; path = FocusTimer.xcdatamodel; sourceTree = "<group>"; };
		22E83BE629B409DE00FC2A6A /* PersistenceController.swift */ = {isa = PBXFileReference; lastKnownFileType = sourcecode.swift; path = PersistenceController.swift; sourceTree = "<group>"; };
		22F96F2B29A9AA69006B7C05 /* TimerAxisView.swift */ = {isa = PBXFileReference; lastKnownFileType = sourcecode.swift; path = TimerAxisView.swift; sourceTree = "<group>"; };
		22F96F2D29AC762E006B7C05 /* AudioPlayer.swift */ = {isa = PBXFileReference; lastKnownFileType = sourcecode.swift; path = AudioPlayer.swift; sourceTree = "<group>"; };
		22F96F3129AC7BFF006B7C05 /* AlarmRing.wav */ = {isa = PBXFileReference; lastKnownFileType = audio.wav; path = AlarmRing.wav; sourceTree = "<group>"; };
/* End PBXFileReference section */

/* Begin PBXFrameworksBuildPhase section */
		220127E529A9740200467339 /* Frameworks */ = {
			isa = PBXFrameworksBuildPhase;
			buildActionMask = 2147483647;
			files = (
				220E426529CFF73F0072C554 /* TelemetryClient in Frameworks */,
			);
			runOnlyForDeploymentPostprocessing = 0;
		};
/* End PBXFrameworksBuildPhase section */

/* Begin PBXGroup section */
		220127DF29A9740200467339 = {
			isa = PBXGroup;
			children = (
				220127EA29A9740200467339 /* FocusTimer */,
				220127E929A9740200467339 /* Products */,
			);
			sourceTree = "<group>";
		};
		220127E929A9740200467339 /* Products */ = {
			isa = PBXGroup;
			children = (
				220127E829A9740200467339 /* FocusTimer.app */,
			);
			name = Products;
			sourceTree = "<group>";
		};
		220127EA29A9740200467339 /* FocusTimer */ = {
			isa = PBXGroup;
			children = (
				22F96F3329AC7D8C006B7C05 /* View */,
				22F96F3429AC7D96006B7C05 /* Model */,
				22E83BE229B4088E00FC2A6A /* Persistence */,
				22F96F3529AC7DE4006B7C05 /* Resources */,
				220127F429A9740300467339 /* FocusTimer.entitlements */,
				220127F129A9740300467339 /* Preview Content */,
			);
			path = FocusTimer;
			sourceTree = "<group>";
		};
		220127F129A9740300467339 /* Preview Content */ = {
			isa = PBXGroup;
			children = (
				220127F229A9740300467339 /* Preview Assets.xcassets */,
			);
			path = "Preview Content";
			sourceTree = "<group>";
		};
		22E83BE229B4088E00FC2A6A /* Persistence */ = {
			isa = PBXGroup;
			children = (
				22E83BE329B408F000FC2A6A /* FocusTimer.xcdatamodeld */,
				22E83BE629B409DE00FC2A6A /* PersistenceController.swift */,
				22C30E9C29B9B8B700DF48B6 /* FocusRecord+Ext.swift */,
			);
			path = Persistence;
			sourceTree = "<group>";
		};
		22F96F3329AC7D8C006B7C05 /* View */ = {
			isa = PBXGroup;
			children = (
				220127EB29A9740200467339 /* FocusTimerApp.swift */,
				220127ED29A9740200467339 /* TimerView.swift */,
				22F96F2B29A9AA69006B7C05 /* TimerAxisView.swift */,
				224A95B529B2D660007EA23B /* CalendarView.swift */,
			);
			path = View;
			sourceTree = "<group>";
		};
		22F96F3429AC7D96006B7C05 /* Model */ = {
			isa = PBXGroup;
			children = (
				220127FA29A9788600467339 /* TimerModel.swift */,
				224A95B329B2D319007EA23B /* NotificationManager.swift */,
				22F96F2D29AC762E006B7C05 /* AudioPlayer.swift */,
			);
			path = Model;
			sourceTree = "<group>";
		};
		22F96F3529AC7DE4006B7C05 /* Resources */ = {
			isa = PBXGroup;
			children = (
				220127EF29A9740300467339 /* Assets.xcassets */,
				22F96F3129AC7BFF006B7C05 /* AlarmRing.wav */,
				224A95B129B2D26C007EA23B /* Start.wav */,
				220E426629CFFDDD0072C554 /* AppId.swift */,
				220E426829CFFE220072C554 /* AppId.plist */,
			);
			path = Resources;
			sourceTree = "<group>";
		};
/* End PBXGroup section */

/* Begin PBXNativeTarget section */
		220127E729A9740200467339 /* FocusTimer */ = {
			isa = PBXNativeTarget;
			buildConfigurationList = 220127F729A9740300467339 /* Build configuration list for PBXNativeTarget "FocusTimer" */;
			buildPhases = (
				220127E429A9740200467339 /* Sources */,
				220127E529A9740200467339 /* Frameworks */,
				220127E629A9740200467339 /* Resources */,
			);
			buildRules = (
			);
			dependencies = (
			);
			name = FocusTimer;
			packageProductDependencies = (
				220E426429CFF73F0072C554 /* TelemetryClient */,
			);
			productName = FocusTimer;
			productReference = 220127E829A9740200467339 /* FocusTimer.app */;
			productType = "com.apple.product-type.application";
		};
/* End PBXNativeTarget section */

/* Begin PBXProject section */
		220127E029A9740200467339 /* Project object */ = {
			isa = PBXProject;
			attributes = {
				BuildIndependentTargetsInParallel = 1;
				LastSwiftUpdateCheck = 1420;
				LastUpgradeCheck = 1420;
				TargetAttributes = {
					220127E729A9740200467339 = {
						CreatedOnToolsVersion = 14.2;
					};
				};
			};
			buildConfigurationList = 220127E329A9740200467339 /* Build configuration list for PBXProject "FocusTimer" */;
			compatibilityVersion = "Xcode 14.0";
			developmentRegion = en;
			hasScannedForEncodings = 0;
			knownRegions = (
				en,
				Base,
			);
			mainGroup = 220127DF29A9740200467339;
			packageReferences = (
				220E426329CFF73F0072C554 /* XCRemoteSwiftPackageReference "SwiftClient" */,
			);
			productRefGroup = 220127E929A9740200467339 /* Products */;
			projectDirPath = "";
			projectRoot = "";
			targets = (
				220127E729A9740200467339 /* FocusTimer */,
			);
		};
/* End PBXProject section */

/* Begin PBXResourcesBuildPhase section */
		220127E629A9740200467339 /* Resources */ = {
			isa = PBXResourcesBuildPhase;
			buildActionMask = 2147483647;
			files = (
				22F96F3229AC7BFF006B7C05 /* AlarmRing.wav in Resources */,
				220127F329A9740300467339 /* Preview Assets.xcassets in Resources */,
				220E426929CFFE220072C554 /* AppId.plist in Resources */,
				220127F029A9740300467339 /* Assets.xcassets in Resources */,
				224A95B229B2D26C007EA23B /* Start.wav in Resources */,
			);
			runOnlyForDeploymentPostprocessing = 0;
		};
/* End PBXResourcesBuildPhase section */

/* Begin PBXSourcesBuildPhase section */
		220127E429A9740200467339 /* Sources */ = {
			isa = PBXSourcesBuildPhase;
			buildActionMask = 2147483647;
			files = (
				22E83BE729B409DE00FC2A6A /* PersistenceController.swift in Sources */,
				22E83BE529B408F000FC2A6A /* FocusTimer.xcdatamodeld in Sources */,
				22F96F2C29A9AA69006B7C05 /* TimerAxisView.swift in Sources */,
				224A95B629B2D660007EA23B /* CalendarView.swift in Sources */,
				220E426729CFFDDD0072C554 /* AppId.swift in Sources */,
				220127FB29A9788600467339 /* TimerModel.swift in Sources */,
				220127EE29A9740200467339 /* TimerView.swift in Sources */,
				224A95B429B2D319007EA23B /* NotificationManager.swift in Sources */,
				220127EC29A9740200467339 /* FocusTimerApp.swift in Sources */,
				22F96F2E29AC762E006B7C05 /* AudioPlayer.swift in Sources */,
				22C30E9D29B9B8B700DF48B6 /* FocusRecord+Ext.swift in Sources */,
			);
			runOnlyForDeploymentPostprocessing = 0;
		};
/* End PBXSourcesBuildPhase section */

/* Begin XCBuildConfiguration section */
		220127F529A9740300467339 /* Debug */ = {
			isa = XCBuildConfiguration;
			buildSettings = {
				ALWAYS_SEARCH_USER_PATHS = NO;
				CLANG_ANALYZER_NONNULL = YES;
				CLANG_ANALYZER_NUMBER_OBJECT_CONVERSION = YES_AGGRESSIVE;
				CLANG_CXX_LANGUAGE_STANDARD = "gnu++20";
				CLANG_ENABLE_MODULES = YES;
				CLANG_ENABLE_OBJC_ARC = YES;
				CLANG_ENABLE_OBJC_WEAK = YES;
				CLANG_WARN_BLOCK_CAPTURE_AUTORELEASING = YES;
				CLANG_WARN_BOOL_CONVERSION = YES;
				CLANG_WARN_COMMA = YES;
				CLANG_WARN_CONSTANT_CONVERSION = YES;
				CLANG_WARN_DEPRECATED_OBJC_IMPLEMENTATIONS = YES;
				CLANG_WARN_DIRECT_OBJC_ISA_USAGE = YES_ERROR;
				CLANG_WARN_DOCUMENTATION_COMMENTS = YES;
				CLANG_WARN_EMPTY_BODY = YES;
				CLANG_WARN_ENUM_CONVERSION = YES;
				CLANG_WARN_INFINITE_RECURSION = YES;
				CLANG_WARN_INT_CONVERSION = YES;
				CLANG_WARN_NON_LITERAL_NULL_CONVERSION = YES;
				CLANG_WARN_OBJC_IMPLICIT_RETAIN_SELF = YES;
				CLANG_WARN_OBJC_LITERAL_CONVERSION = YES;
				CLANG_WARN_OBJC_ROOT_CLASS = YES_ERROR;
				CLANG_WARN_QUOTED_INCLUDE_IN_FRAMEWORK_HEADER = YES;
				CLANG_WARN_RANGE_LOOP_ANALYSIS = YES;
				CLANG_WARN_STRICT_PROTOTYPES = YES;
				CLANG_WARN_SUSPICIOUS_MOVE = YES;
				CLANG_WARN_UNGUARDED_AVAILABILITY = YES_AGGRESSIVE;
				CLANG_WARN_UNREACHABLE_CODE = YES;
				CLANG_WARN__DUPLICATE_METHOD_MATCH = YES;
				COPY_PHASE_STRIP = NO;
				DEBUG_INFORMATION_FORMAT = dwarf;
				ENABLE_STRICT_OBJC_MSGSEND = YES;
				ENABLE_TESTABILITY = YES;
				GCC_C_LANGUAGE_STANDARD = gnu11;
				GCC_DYNAMIC_NO_PIC = NO;
				GCC_NO_COMMON_BLOCKS = YES;
				GCC_OPTIMIZATION_LEVEL = 0;
				GCC_PREPROCESSOR_DEFINITIONS = (
					"DEBUG=1",
					"$(inherited)",
				);
				GCC_WARN_64_TO_32_BIT_CONVERSION = YES;
				GCC_WARN_ABOUT_RETURN_TYPE = YES_ERROR;
				GCC_WARN_UNDECLARED_SELECTOR = YES;
				GCC_WARN_UNINITIALIZED_AUTOS = YES_AGGRESSIVE;
				GCC_WARN_UNUSED_FUNCTION = YES;
				GCC_WARN_UNUSED_VARIABLE = YES;
				MACOSX_DEPLOYMENT_TARGET = 13.1;
				MTL_ENABLE_DEBUG_INFO = INCLUDE_SOURCE;
				MTL_FAST_MATH = YES;
				ONLY_ACTIVE_ARCH = YES;
				SDKROOT = macosx;
				SWIFT_ACTIVE_COMPILATION_CONDITIONS = DEBUG;
				SWIFT_OPTIMIZATION_LEVEL = "-Onone";
			};
			name = Debug;
		};
		220127F629A9740300467339 /* Release */ = {
			isa = XCBuildConfiguration;
			buildSettings = {
				ALWAYS_SEARCH_USER_PATHS = NO;
				CLANG_ANALYZER_NONNULL = YES;
				CLANG_ANALYZER_NUMBER_OBJECT_CONVERSION = YES_AGGRESSIVE;
				CLANG_CXX_LANGUAGE_STANDARD = "gnu++20";
				CLANG_ENABLE_MODULES = YES;
				CLANG_ENABLE_OBJC_ARC = YES;
				CLANG_ENABLE_OBJC_WEAK = YES;
				CLANG_WARN_BLOCK_CAPTURE_AUTORELEASING = YES;
				CLANG_WARN_BOOL_CONVERSION = YES;
				CLANG_WARN_COMMA = YES;
				CLANG_WARN_CONSTANT_CONVERSION = YES;
				CLANG_WARN_DEPRECATED_OBJC_IMPLEMENTATIONS = YES;
				CLANG_WARN_DIRECT_OBJC_ISA_USAGE = YES_ERROR;
				CLANG_WARN_DOCUMENTATION_COMMENTS = YES;
				CLANG_WARN_EMPTY_BODY = YES;
				CLANG_WARN_ENUM_CONVERSION = YES;
				CLANG_WARN_INFINITE_RECURSION = YES;
				CLANG_WARN_INT_CONVERSION = YES;
				CLANG_WARN_NON_LITERAL_NULL_CONVERSION = YES;
				CLANG_WARN_OBJC_IMPLICIT_RETAIN_SELF = YES;
				CLANG_WARN_OBJC_LITERAL_CONVERSION = YES;
				CLANG_WARN_OBJC_ROOT_CLASS = YES_ERROR;
				CLANG_WARN_QUOTED_INCLUDE_IN_FRAMEWORK_HEADER = YES;
				CLANG_WARN_RANGE_LOOP_ANALYSIS = YES;
				CLANG_WARN_STRICT_PROTOTYPES = YES;
				CLANG_WARN_SUSPICIOUS_MOVE = YES;
				CLANG_WARN_UNGUARDED_AVAILABILITY = YES_AGGRESSIVE;
				CLANG_WARN_UNREACHABLE_CODE = YES;
				CLANG_WARN__DUPLICATE_METHOD_MATCH = YES;
				COPY_PHASE_STRIP = NO;
				DEBUG_INFORMATION_FORMAT = "dwarf-with-dsym";
				ENABLE_NS_ASSERTIONS = NO;
				ENABLE_STRICT_OBJC_MSGSEND = YES;
				GCC_C_LANGUAGE_STANDARD = gnu11;
				GCC_NO_COMMON_BLOCKS = YES;
				GCC_WARN_64_TO_32_BIT_CONVERSION = YES;
				GCC_WARN_ABOUT_RETURN_TYPE = YES_ERROR;
				GCC_WARN_UNDECLARED_SELECTOR = YES;
				GCC_WARN_UNINITIALIZED_AUTOS = YES_AGGRESSIVE;
				GCC_WARN_UNUSED_FUNCTION = YES;
				GCC_WARN_UNUSED_VARIABLE = YES;
				MACOSX_DEPLOYMENT_TARGET = 13.1;
				MTL_ENABLE_DEBUG_INFO = NO;
				MTL_FAST_MATH = YES;
				SDKROOT = macosx;
				SWIFT_COMPILATION_MODE = wholemodule;
				SWIFT_OPTIMIZATION_LEVEL = "-O";
			};
			name = Release;
		};
		220127F829A9740300467339 /* Debug */ = {
			isa = XCBuildConfiguration;
			buildSettings = {
				ASSETCATALOG_COMPILER_APPICON_NAME = AppIcon;
				ASSETCATALOG_COMPILER_GLOBAL_ACCENT_COLOR_NAME = AccentColor;
				CODE_SIGN_ENTITLEMENTS = FocusTimer/FocusTimer.entitlements;
				CODE_SIGN_STYLE = Automatic;
				COMBINE_HIDPI_IMAGES = YES;
				CURRENT_PROJECT_VERSION = 6;
				DEVELOPMENT_ASSET_PATHS = "\"FocusTimer/Preview Content\"";
				DEVELOPMENT_TEAM = 24UHT2AGTS;
				ENABLE_HARDENED_RUNTIME = YES;
				ENABLE_PREVIEWS = YES;
				GENERATE_INFOPLIST_FILE = YES;
				INFOPLIST_FILE = FocusTimer/Info.plist;
				INFOPLIST_KEY_LSApplicationCategoryType = "public.app-category.productivity";
				INFOPLIST_KEY_LSUIElement = YES;
				INFOPLIST_KEY_NSHumanReadableCopyright = "";
				LD_RUNPATH_SEARCH_PATHS = (
					"$(inherited)",
					"@executable_path/../Frameworks",
				);
				MACOSX_DEPLOYMENT_TARGET = 13.0;
				MARKETING_VERSION = 1.3.1;
				PRODUCT_BUNDLE_IDENTIFIER = com.robertpinl.FocusTimer;
				PRODUCT_NAME = "$(TARGET_NAME)";
				SWIFT_EMIT_LOC_STRINGS = YES;
				SWIFT_VERSION = 5.0;
			};
			name = Debug;
		};
		220127F929A9740300467339 /* Release */ = {
			isa = XCBuildConfiguration;
			buildSettings = {
				ASSETCATALOG_COMPILER_APPICON_NAME = AppIcon;
				ASSETCATALOG_COMPILER_GLOBAL_ACCENT_COLOR_NAME = AccentColor;
				CODE_SIGN_ENTITLEMENTS = FocusTimer/FocusTimer.entitlements;
				CODE_SIGN_STYLE = Automatic;
				COMBINE_HIDPI_IMAGES = YES;
				CURRENT_PROJECT_VERSION = 6;
				DEVELOPMENT_ASSET_PATHS = "\"FocusTimer/Preview Content\"";
				DEVELOPMENT_TEAM = 24UHT2AGTS;
				ENABLE_HARDENED_RUNTIME = YES;
				ENABLE_PREVIEWS = YES;
				GENERATE_INFOPLIST_FILE = YES;
				INFOPLIST_FILE = FocusTimer/Info.plist;
				INFOPLIST_KEY_LSApplicationCategoryType = "public.app-category.productivity";
				INFOPLIST_KEY_LSUIElement = YES;
				INFOPLIST_KEY_NSHumanReadableCopyright = "";
				LD_RUNPATH_SEARCH_PATHS = (
					"$(inherited)",
					"@executable_path/../Frameworks",
				);
				MACOSX_DEPLOYMENT_TARGET = 13.0;
				MARKETING_VERSION = 1.3.1;
				PRODUCT_BUNDLE_IDENTIFIER = com.robertpinl.FocusTimer;
				PRODUCT_NAME = "$(TARGET_NAME)";
				SWIFT_EMIT_LOC_STRINGS = YES;
				SWIFT_VERSION = 5.0;
			};
			name = Release;
		};
/* End XCBuildConfiguration section */

/* Begin XCConfigurationList section */
		220127E329A9740200467339 /* Build configuration list for PBXProject "FocusTimer" */ = {
			isa = XCConfigurationList;
			buildConfigurations = (
				220127F529A9740300467339 /* Debug */,
				220127F629A9740300467339 /* Release */,
			);
			defaultConfigurationIsVisible = 0;
			defaultConfigurationName = Release;
		};
		220127F729A9740300467339 /* Build configuration list for PBXNativeTarget "FocusTimer" */ = {
			isa = XCConfigurationList;
			buildConfigurations = (
				220127F829A9740300467339 /* Debug */,
				220127F929A9740300467339 /* Release */,
			);
			defaultConfigurationIsVisible = 0;
			defaultConfigurationName = Release;
		};
/* End XCConfigurationList section */

/* Begin XCRemoteSwiftPackageReference section */
		220E426329CFF73F0072C554 /* XCRemoteSwiftPackageReference "SwiftClient" */ = {
			isa = XCRemoteSwiftPackageReference;
			repositoryURL = "https://github.com/TelemetryDeck/SwiftClient.git";
			requirement = {
				branch = main;
				kind = branch;
			};
		};
/* End XCRemoteSwiftPackageReference section */

/* Begin XCSwiftPackageProductDependency section */
		220E426429CFF73F0072C554 /* TelemetryClient */ = {
			isa = XCSwiftPackageProductDependency;
			package = 220E426329CFF73F0072C554 /* XCRemoteSwiftPackageReference "SwiftClient" */;
			productName = TelemetryClient;
		};
/* End XCSwiftPackageProductDependency section */

/* Begin XCVersionGroup section */
		22E83BE329B408F000FC2A6A /* FocusTimer.xcdatamodeld */ = {
			isa = XCVersionGroup;
			children = (
				22E83BE429B408F000FC2A6A /* FocusTimer.xcdatamodel */,
			);
			currentVersion = 22E83BE429B408F000FC2A6A /* FocusTimer.xcdatamodel */;
			path = FocusTimer.xcdatamodeld;
			sourceTree = "<group>";
			versionGroupType = wrapper.xcdatamodel;
		};
/* End XCVersionGroup section */
	};
	rootObject = 220127E029A9740200467339 /* Project object */;
}
